{
  "name": "cc2145a2fe1558fa",
  "lockfileVersion": 3,
  "requires": true,
  "packages": {
    "": {
      "dependencies": {
        "create-next-app": "^15.4.6"
      }
    },
    "node_modules/create-next-app": {
      "version": "15.4.6",
      "resolved": "https://registry.npmjs.org/create-next-app/-/create-next-app-15.4.6.tgz",
      "integrity": "sha512-OncpS6C8ipTI0RCctt0DI/JtAwC138QaRUpNWg8fMZ+hdyFdVOe86BfY0ZI861vVFmlO+BwodeJCnBGA7oSVsw==",
      "license": "MIT",
      "bin": {
        "create-next-app": "dist/index.js"
      },
      "engines": {
        "node": ">=18.18.0"
      }
    }
  }
}
